// !$*UTF8*$!
{
	archiveVersion = 1;
	classes = {
	};
	objectVersion = 50;
	objects = {

/* Begin PBXBuildFile section */
		9242BDF12159541B00ABB8A8 /* AppDelegate.swift in Sources */ = {isa = PBXBuildFile; fileRef = 9242BDF02159541B00ABB8A8 /* AppDelegate.swift */; };
		9242BDF32159541B00ABB8A8 /* ViewController.swift in Sources */ = {isa = PBXBuildFile; fileRef = 9242BDF22159541B00ABB8A8 /* ViewController.swift */; };
		9242BDF62159541B00ABB8A8 /* Main.storyboard in Resources */ = {isa = PBXBuildFile; fileRef = 9242BDF42159541B00ABB8A8 /* Main.storyboard */; };
		9242BDF82159541C00ABB8A8 /* Assets.xcassets in Resources */ = {isa = PBXBuildFile; fileRef = 9242BDF72159541C00ABB8A8 /* Assets.xcassets */; };
		9242BDFB2159541C00ABB8A8 /* LaunchScreen.storyboard in Resources */ = {isa = PBXBuildFile; fileRef = 9242BDF92159541C00ABB8A8 /* LaunchScreen.storyboard */; };
/* End PBXBuildFile section */

/* Begin PBXFileReference section */
		9242BDED2159541B00ABB8A8 /* appSorteioRamdomico.app */ = {isa = PBXFileReference; explicitFileType = wrapper.application; includeInIndex = 0; path = appSorteioRamdomico.app; sourceTree = BUILT_PRODUCTS_DIR; };
		9242BDF02159541B00ABB8A8 /* AppDelegate.swift */ = {isa = PBXFileReference; lastKnownFileType = sourcecode.swift; path = AppDelegate.swift; sourceTree = "<group>"; };
		9242BDF22159541B00ABB8A8 /* ViewController.swift */ = {isa = PBXFileReference; lastKnownFileType = sourcecode.swift; path = ViewController.swift; sourceTree = "<group>"; };
		9242BDF52159541B00ABB8A8 /* Base */ = {isa = PBXFileReference; lastKnownFileType = file.storyboard; name = Base; path = Base.lproj/Main.storyboard; sourceTree = "<group>"; };
		9242BDF72159541C00ABB8A8 /* Assets.xcassets */ = {isa = PBXFileReference; lastKnownFileType = folder.assetcatalog; path = Assets.xcassets; sourceTree = "<group>"; };
		9242BDFA2159541C00ABB8A8 /* Base */ = {isa = PBXFileReference; lastKnownFileType = file.storyboard; name = Base; path = Base.lproj/LaunchScreen.storyboard; sourceTree = "<group>"; };
		9242BDFC2159541C00ABB8A8 /* Info.plist */ = {isa = PBXFileReference; lastKnownFileType = text.plist.xml; path = Info.plist; sourceTree = "<group>"; };
/* End PBXFileReference section */

/* Begin PBXFrameworksBuildPhase section */
		9242BDEA2159541B00ABB8A8 /* Frameworks */ = {
			isa = PBXFrameworksBuildPhase;
			buildActionMask = 2147483647;
			files = (
			);
			runOnlyForDeploymentPostprocessing = 0;
		};
/* End PBXFrameworksBuildPhase section */

/* Begin PBXGroup section */
		9242BDE42159541B00ABB8A8 = {
			isa = PBXGroup;
			children = (
				9242BDEF2159541B00ABB8A8 /* appSorteioRamdomico */,
				9242BDEE2159541B00ABB8A8 /* Products */,
			);
			sourceTree = "<group>";
		};
		9242BDEE2159541B00ABB8A8 /* Products */ = {
			isa = PBXGroup;
			children = (
				9242BDED2159541B00ABB8A8 /* appSorteioRamdomico.app */,
			);
			name = Products;
			sourceTree = "<group>";
		};
		9242BDEF2159541B00ABB8A8 /* appSorteioRamdomico */ = {
			isa = PBXGroup;
			children = (
				9242BDF02159541B00ABB8A8 /* AppDelegate.swift */,
				9242BDF22159541B00ABB8A8 /* ViewController.swift */,
				9242BDF42159541B00ABB8A8 /* Main.storyboard */,
				9242BDF72159541C00ABB8A8 /* Assets.xcassets */,
				9242BDF92159541C00ABB8A8 /* LaunchScreen.storyboard */,
				9242BDFC2159541C00ABB8A8 /* Info.plist */,
			);
			path = appSorteioRamdomico;
			sourceTree = "<group>";
		};
/* End PBXGroup section */

/* Begin PBXNativeTarget section */
		9242BDEC2159541B00ABB8A8 /* appSorteioRamdomico */ = {
			isa = PBXNativeTarget;
			buildConfigurationList = 9242BDFF2159541C00ABB8A8 /* Build configuration list for PBXNativeTarget "appSorteioRamdomico" */;
			buildPhases = (
				9242BDE92159541B00ABB8A8 /* Sources */,
				9242BDEA2159541B00ABB8A8 /* Frameworks */,
				9242BDEB2159541B00ABB8A8 /* Resources */,
			);
			buildRules = (
			);
			dependencies = (
			);
			name = appSorteioRamdomico;
			productName = appSorteioRamdomico;
			productReference = 9242BDED2159541B00ABB8A8 /* appSorteioRamdomico.app */;
			productType = "com.apple.product-type.application";
		};
/* End PBXNativeTarget section */

/* Begin PBXProject section */
		9242BDE52159541B00ABB8A8 /* Project object */ = {
			isa = PBXProject;
			attributes = {
				LastSwiftUpdateCheck = 1000;
				LastUpgradeCheck = 1000;
				ORGANIZATIONNAME = fchiarello;
				TargetAttributes = {
					9242BDEC2159541B00ABB8A8 = {
						CreatedOnToolsVersion = 10.0;
					};
				};
			};
			buildConfigurationList = 9242BDE82159541B00ABB8A8 /* Build configuration list for PBXProject "appSorteioRamdomico" */;
			compatibilityVersion = "Xcode 9.3";
			developmentRegion = en;
			hasScannedForEncodings = 0;
			knownRegions = (
				en,
				Base,
			);
			mainGroup = 9242BDE42159541B00ABB8A8;
			productRefGroup = 9242BDEE2159541B00ABB8A8 /* Products */;
			projectDirPath = "";
			projectRoot = "";
			targets = (
				9242BDEC2159541B00ABB8A8 /* appSorteioRamdomico */,
			);
		};
/* End PBXProject section */

/* Begin PBXResourcesBuildPhase section */
		9242BDEB2159541B00ABB8A8 /* Resources */ = {
			isa = PBXResourcesBuildPhase;
			buildActionMask = 2147483647;
			files = (
				9242BDFB2159541C00ABB8A8 /* LaunchScreen.storyboard in Resources */,
				9242BDF82159541C00ABB8A8 /* Assets.xcassets in Resources */,
				9242BDF62159541B00ABB8A8 /* Main.storyboard in Resources */,
			);
			runOnlyForDeploymentPostprocessing = 0;
		};
/* End PBXResourcesBuildPhase section */

/* Begin PBXSourcesBuildPhase section */
		9242BDE92159541B00ABB8A8 /* Sources */ = {
			isa = PBXSourcesBuildPhase;
			buildActionMask = 2147483647;
			files = (
				9242BDF32159541B00ABB8A8 /* ViewController.swift in Sources */,
				9242BDF12159541B00ABB8A8 /* AppDelegate.swift in Sources */,
			);
			runOnlyForDeploymentPostprocessing = 0;
		};
/* End PBXSourcesBuildPhase section */

/* Begin PBXVariantGroup section */
		9242BDF42159541B00ABB8A8 /* Main.storyboard */ = {
			isa = PBXVariantGroup;
			children = (
				9242BDF52159541B00ABB8A8 /* Base */,
			);
			name = Main.storyboard;
			sourceTree = "<group>";
		};
		9242BDF92159541C00ABB8A8 /* LaunchScreen.storyboard */ = {
			isa = PBXVariantGroup;
			children = (
				9242BDFA2159541C00ABB8A8 /* Base */,
			);
			name = LaunchScreen.storyboard;
			sourceTree = "<group>";
		};
/* End PBXVariantGroup section */

/* Begin XCBuildConfiguration section */
		9242BDFD2159541C00ABB8A8 /* Debug */ = {
			isa = XCBuildConfiguration;
			buildSettings = {
				ALWAYS_SEARCH_USER_PATHS = NO;
				CLANG_ANALYZER_NONNULL = YES;
				CLANG_ANALYZER_NUMBER_OBJECT_CONVERSION = YES_AGGRESSIVE;
				CLANG_CXX_LANGUAGE_STANDARD = "gnu++14";
				CLANG_CXX_LIBRARY = "libc++";
				CLANG_ENABLE_MODULES = YES;
				CLANG_ENABLE_OBJC_ARC = YES;
				CLANG_ENABLE_OBJC_WEAK = YES;
				CLANG_WARN_BLOCK_CAPTURE_AUTORELEASING = YES;
				CLANG_WARN_BOOL_CONVERSION = YES;
				CLANG_WARN_COMMA = YES;
				CLANG_WARN_CONSTANT_CONVERSION = YES;
				CLANG_WARN_DEPRECATED_OBJC_IMPLEMENTATIONS = YES;
				CLANG_WARN_DIRECT_OBJC_ISA_USAGE = YES_ERROR;
				CLANG_WARN_DOCUMENTATION_COMMENTS = YES;
				CLANG_WARN_EMPTY_BODY = YES;
				CLANG_WARN_ENUM_CONVERSION = YES;
				CLANG_WARN_INFINITE_RECURSION = YES;
				CLANG_WARN_INT_CONVERSION = YES;
				CLANG_WARN_NON_LITERAL_NULL_CONVERSION = YES;
				CLANG_WARN_OBJC_IMPLICIT_RETAIN_SELF = YES;
				CLANG_WARN_OBJC_LITERAL_CONVERSION = YES;
				CLANG_WARN_OBJC_ROOT_CLASS = YES_ERROR;
				CLANG_WARN_RANGE_LOOP_ANALYSIS = YES;
				CLANG_WARN_STRICT_PROTOTYPES = YES;
				CLANG_WARN_SUSPICIOUS_MOVE = YES;
				CLANG_WARN_UNGUARDED_AVAILABILITY = YES_AGGRESSIVE;
				CLANG_WARN_UNREACHABLE_CODE = YES;
				CLANG_WARN__DUPLICATE_METHOD_MATCH = YES;
				CODE_SIGN_IDENTITY = "iPhone Developer";
				COPY_PHASE_STRIP = NO;
				DEBUG_INFORMATION_FORMAT = dwarf;
				ENABLE_STRICT_OBJC_MSGSEND = YES;
				ENABLE_TESTABILITY = YES;
				GCC_C_LANGUAGE_STANDARD = gnu11;
				GCC_DYNAMIC_NO_PIC = NO;
				GCC_NO_COMMON_BLOCKS = YES;
				GCC_OPTIMIZATION_LEVEL = 0;
				GCC_PREPROCESSOR_DEFINITIONS = (
					"DEBUG=1",
					"$(inherited)",
				);
				GCC_WARN_64_TO_32_BIT_CONVERSION = YES;
				GCC_WARN_ABOUT_RETURN_TYPE = YES_ERROR;
				GCC_WARN_UNDECLARED_SELECTOR = YES;
				GCC_WARN_UNINITIALIZED_AUTOS = YES_AGGRESSIVE;
				GCC_WARN_UNUSED_FUNCTION = YES;
				GCC_WARN_UNUSED_VARIABLE = YES;
				IPHONEOS_DEPLOYMENT_TARGET = 12.0;
				MTL_ENABLE_DEBUG_INFO = INCLUDE_SOURCE;
				MTL_FAST_MATH = YES;
				ONLY_ACTIVE_ARCH = YES;
				SDKROOT = iphoneos;
				SWIFT_ACTIVE_COMPILATION_CONDITIONS = DEBUG;
				SWIFT_OPTIMIZATION_LEVEL = "-Onone";
			};
			name = Debug;
		};
		9242BDFE2159541C00ABB8A8 /* Release */ = {
			isa = XCBuildConfiguration;
			buildSettings = {
				ALWAYS_SEARCH_USER_PATHS = NO;
				CLANG_ANALYZER_NONNULL = YES;
				CLANG_ANALYZER_NUMBER_OBJECT_CONVERSION = YES_AGGRESSIVE;
				CLANG_CXX_LANGUAGE_STANDARD = "gnu++14";
				CLANG_CXX_LIBRARY = "libc++";
				CLANG_ENABLE_MODULES = YES;
				CLANG_ENABLE_OBJC_ARC = YES;
				CLANG_ENABLE_OBJC_WEAK = YES;
				CLANG_WARN_BLOCK_CAPTURE_AUTORELEASING = YES;
				CLANG_WARN_BOOL_CONVERSION = YES;
				CLANG_WARN_COMMA = YES;
				CLANG_WARN_CONSTANT_CONVERSION = YES;
				CLANG_WARN_DEPRECATED_OBJC_IMPLEMENTATIONS = YES;
				CLANG_WARN_DIRECT_OBJC_ISA_USAGE = YES_ERROR;
				CLANG_WARN_DOCUMENTATION_COMMENTS = YES;
				CLANG_WARN_EMPTY_BODY = YES;
				CLANG_WARN_ENUM_CONVERSION = YES;
				CLANG_WARN_INFINITE_RECURSION = YES;
				CLANG_WARN_INT_CONVERSION = YES;
				CLANG_WARN_NON_LITERAL_NULL_CONVERSION = YES;
				CLANG_WARN_OBJC_IMPLICIT_RETAIN_SELF = YES;
				CLANG_WARN_OBJC_LITERAL_CONVERSION = YES;
				CLANG_WARN_OBJC_ROOT_CLASS = YES_ERROR;
				CLANG_WARN_RANGE_LOOP_ANALYSIS = YES;
				CLANG_WARN_STRICT_PROTOTYPES = YES;
				CLANG_WARN_SUSPICIOUS_MOVE = YES;
				CLANG_WARN_UNGUARDED_AVAILABILITY = YES_AGGRESSIVE;
				CLANG_WARN_UNREACHABLE_CODE = YES;
				CLANG_WARN__DUPLICATE_METHOD_MATCH = YES;
				CODE_SIGN_IDENTITY = "iPhone Developer";
				COPY_PHASE_STRIP = NO;
				DEBUG_INFORMATION_FORMAT = "dwarf-with-dsym";
				ENABLE_NS_ASSERTIONS = NO;
				ENABLE_STRICT_OBJC_MSGSEND = YES;
				GCC_C_LANGUAGE_STANDARD = gnu11;
				GCC_NO_COMMON_BLOCKS = YES;
				GCC_WARN_64_TO_32_BIT_CONVERSION = YES;
				GCC_WARN_ABOUT_RETURN_TYPE = YES_ERROR;
				GCC_WARN_UNDECLARED_SELECTOR = YES;
				GCC_WARN_UNINITIALIZED_AUTOS = YES_AGGRESSIVE;
				GCC_WARN_UNUSED_FUNCTION = YES;
				GCC_WARN_UNUSED_VARIABLE = YES;
				IPHONEOS_DEPLOYMENT_TARGET = 12.0;
				MTL_ENABLE_DEBUG_INFO = NO;
				MTL_FAST_MATH = YES;
				SDKROOT = iphoneos;
				SWIFT_COMPILATION_MODE = wholemodule;
				SWIFT_OPTIMIZATION_LEVEL = "-O";
				VALIDATE_PRODUCT = YES;
			};
			name = Release;
		};
		9242BE002159541C00ABB8A8 /* Debug */ = {
			isa = XCBuildConfiguration;
			buildSettings = {
				ASSETCATALOG_COMPILER_APPICON_NAME = AppIcon;
				CODE_SIGN_STYLE = Automatic;
				DEVELOPMENT_TEAM = HJ6RR33WF2;
				INFOPLIST_FILE = appSorteioRamdomico/Info.plist;
				LD_RUNPATH_SEARCH_PATHS = (
					"$(inherited)",
					"@executable_path/Frameworks",
				);
				PRODUCT_BUNDLE_IDENTIFIER = com.fchiarello.appSorteioRamdomico;
				PRODUCT_NAME = "$(TARGET_NAME)";
				SWIFT_VERSION = 4.2;
				TARGETED_DEVICE_FAMILY = "1,2";
			};
			name = Debug;
		};
		9242BE012159541C00ABB8A8 /* Release */ = {
			isa = XCBuildConfiguration;
			buildSettings = {
				ASSETCATALOG_COMPILER_APPICON_NAME = AppIcon;
				CODE_SIGN_STYLE = Automatic;
				DEVELOPMENT_TEAM = HJ6RR33WF2;
				INFOPLIST_FILE = appSorteioRamdomico/Info.plist;
				LD_RUNPATH_SEARCH_PATHS = (
					"$(inherited)",
					"@executable_path/Frameworks",
				);
				PRODUCT_BUNDLE_IDENTIFIER = com.fchiarello.appSorteioRamdomico;
				PRODUCT_NAME = "$(TARGET_NAME)";
				SWIFT_VERSION = 4.2;
				TARGETED_DEVICE_FAMILY = "1,2";
			};
			name = Release;
		};
/* End XCBuildConfiguration section */

/* Begin XCConfigurationList section */
		9242BDE82159541B00ABB8A8 /* Build configuration list for PBXProject "appSorteioRamdomico" */ = {
			isa = XCConfigurationList;
			buildConfigurations = (
				9242BDFD2159541C00ABB8A8 /* Debug */,
				9242BDFE2159541C00ABB8A8 /* Release */,
			);
			defaultConfigurationIsVisible = 0;
			defaultConfigurationName = Release;
		};
		9242BDFF2159541C00ABB8A8 /* Build configuration list for PBXNativeTarget "appSorteioRamdomico" */ = {
			isa = XCConfigurationList;
			buildConfigurations = (
				9242BE002159541C00ABB8A8 /* Debug */,
				9242BE012159541C00ABB8A8 /* Release */,
			);
			defaultConfigurationIsVisible = 0;
			defaultConfigurationName = Release;
		};
/* End XCConfigurationList section */
	};
	rootObject = 9242BDE52159541B00ABB8A8 /* Project object */;
}
