// !$*UTF8*$!
{
	archiveVersion = 1;
	classes = {
	};
	objectVersion = 50;
	objects = {

/* Begin PBXBuildFile section */
		9242BDD3215953E300ABB8A8 /* AppDelegate.swift in Sources */ = {isa = PBXBuildFile; fileRef = 9242BDD2215953E300ABB8A8 /* AppDelegate.swift */; };
		9242BDD5215953E300ABB8A8 /* ViewController.swift in Sources */ = {isa = PBXBuildFile; fileRef = 9242BDD4215953E300ABB8A8 /* ViewController.swift */; };
		9242BDD8215953E300ABB8A8 /* Main.storyboard in Resources */ = {isa = PBXBuildFile; fileRef = 9242BDD6215953E300ABB8A8 /* Main.storyboard */; };
		9242BDDA215953E600ABB8A8 /* Assets.xcassets in Resources */ = {isa = PBXBuildFile; fileRef = 9242BDD9215953E600ABB8A8 /* Assets.xcassets */; };
		9242BDDD215953E600ABB8A8 /* LaunchScreen.storyboard in Resources */ = {isa = PBXBuildFile; fileRef = 9242BDDB215953E600ABB8A8 /* LaunchScreen.storyboard */; };
		9242BE052159583300ABB8A8 /* botaogerar-pressionado.png in Resources */ = {isa = PBXBuildFile; fileRef = 9242BE022159583300ABB8A8 /* botaogerar-pressionado.png */; };
		9242BE062159583300ABB8A8 /* botaogerar.png in Resources */ = {isa = PBXBuildFile; fileRef = 9242BE032159583300ABB8A8 /* botaogerar.png */; };
		9242BE072159583300ABB8A8 /* logo.png in Resources */ = {isa = PBXBuildFile; fileRef = 9242BE042159583300ABB8A8 /* logo.png */; };
/* End PBXBuildFile section */

/* Begin PBXFileReference section */
		9242BDCF215953E300ABB8A8 /* AppSorteio.app */ = {isa = PBXFileReference; explicitFileType = wrapper.application; includeInIndex = 0; path = AppSorteio.app; sourceTree = BUILT_PRODUCTS_DIR; };
		9242BDD2215953E300ABB8A8 /* AppDelegate.swift */ = {isa = PBXFileReference; lastKnownFileType = sourcecode.swift; path = AppDelegate.swift; sourceTree = "<group>"; };
		9242BDD4215953E300ABB8A8 /* ViewController.swift */ = {isa = PBXFileReference; lastKnownFileType = sourcecode.swift; path = ViewController.swift; sourceTree = "<group>"; };
		9242BDD7215953E300ABB8A8 /* Base */ = {isa = PBXFileReference; lastKnownFileType = file.storyboard; name = Base; path = Base.lproj/Main.storyboard; sourceTree = "<group>"; };
		9242BDD9215953E600ABB8A8 /* Assets.xcassets */ = {isa = PBXFileReference; lastKnownFileType = folder.assetcatalog; path = Assets.xcassets; sourceTree = "<group>"; };
		9242BDDC215953E600ABB8A8 /* Base */ = {isa = PBXFileReference; lastKnownFileType = file.storyboard; name = Base; path = Base.lproj/LaunchScreen.storyboard; sourceTree = "<group>"; };
		9242BDDE215953E600ABB8A8 /* Info.plist */ = {isa = PBXFileReference; lastKnownFileType = text.plist.xml; path = Info.plist; sourceTree = "<group>"; };
		9242BE022159583300ABB8A8 /* botaogerar-pressionado.png */ = {isa = PBXFileReference; lastKnownFileType = image.png; path = "botaogerar-pressionado.png"; sourceTree = "<group>"; };
		9242BE032159583300ABB8A8 /* botaogerar.png */ = {isa = PBXFileReference; lastKnownFileType = image.png; path = botaogerar.png; sourceTree = "<group>"; };
		9242BE042159583300ABB8A8 /* logo.png */ = {isa = PBXFileReference; lastKnownFileType = image.png; path = logo.png; sourceTree = "<group>"; };
/* End PBXFileReference section */

/* Begin PBXFrameworksBuildPhase section */
		9242BDCC215953E300ABB8A8 /* Frameworks */ = {
			isa = PBXFrameworksBuildPhase;
			buildActionMask = 2147483647;
			files = (
			);
			runOnlyForDeploymentPostprocessing = 0;
		};
/* End PBXFrameworksBuildPhase section */

/* Begin PBXGroup section */
		9242BDC6215953E300ABB8A8 = {
			isa = PBXGroup;
			children = (
				9242BDD1215953E300ABB8A8 /* AppSorteio */,
				9242BDD0215953E300ABB8A8 /* Products */,
			);
			sourceTree = "<group>";
		};
		9242BDD0215953E300ABB8A8 /* Products */ = {
			isa = PBXGroup;
			children = (
				9242BDCF215953E300ABB8A8 /* AppSorteio.app */,
			);
			name = Products;
			sourceTree = "<group>";
		};
		9242BDD1215953E300ABB8A8 /* AppSorteio */ = {
			isa = PBXGroup;
			children = (
				9242BE022159583300ABB8A8 /* botaogerar-pressionado.png */,
				9242BE032159583300ABB8A8 /* botaogerar.png */,
				9242BE042159583300ABB8A8 /* logo.png */,
				9242BDD2215953E300ABB8A8 /* AppDelegate.swift */,
				9242BDD4215953E300ABB8A8 /* ViewController.swift */,
				9242BDD6215953E300ABB8A8 /* Main.storyboard */,
				9242BDD9215953E600ABB8A8 /* Assets.xcassets */,
				9242BDDB215953E600ABB8A8 /* LaunchScreen.storyboard */,
				9242BDDE215953E600ABB8A8 /* Info.plist */,
			);
			path = AppSorteio;
			sourceTree = "<group>";
		};
/* End PBXGroup section */

/* Begin PBXNativeTarget section */
		9242BDCE215953E300ABB8A8 /* AppSorteio */ = {
			isa = PBXNativeTarget;
			buildConfigurationList = 9242BDE1215953E600ABB8A8 /* Build configuration list for PBXNativeTarget "AppSorteio" */;
			buildPhases = (
				9242BDCB215953E300ABB8A8 /* Sources */,
				9242BDCC215953E300ABB8A8 /* Frameworks */,
				9242BDCD215953E300ABB8A8 /* Resources */,
			);
			buildRules = (
			);
			dependencies = (
			);
			name = AppSorteio;
			productName = AppSorteio;
			productReference = 9242BDCF215953E300ABB8A8 /* AppSorteio.app */;
			productType = "com.apple.product-type.application";
		};
/* End PBXNativeTarget section */

/* Begin PBXProject section */
		9242BDC7215953E300ABB8A8 /* Project object */ = {
			isa = PBXProject;
			attributes = {
				LastSwiftUpdateCheck = 1000;
				LastUpgradeCheck = 1000;
				ORGANIZATIONNAME = fchiarello;
				TargetAttributes = {
					9242BDCE215953E300ABB8A8 = {
						CreatedOnToolsVersion = 10.0;
					};
				};
			};
			buildConfigurationList = 9242BDCA215953E300ABB8A8 /* Build configuration list for PBXProject "AppSorteio" */;
			compatibilityVersion = "Xcode 9.3";
			developmentRegion = en;
			hasScannedForEncodings = 0;
			knownRegions = (
				en,
				Base,
			);
			mainGroup = 9242BDC6215953E300ABB8A8;
			productRefGroup = 9242BDD0215953E300ABB8A8 /* Products */;
			projectDirPath = "";
			projectRoot = "";
			targets = (
				9242BDCE215953E300ABB8A8 /* AppSorteio */,
			);
		};
/* End PBXProject section */

/* Begin PBXResourcesBuildPhase section */
		9242BDCD215953E300ABB8A8 /* Resources */ = {
			isa = PBXResourcesBuildPhase;
			buildActionMask = 2147483647;
			files = (
				9242BDDD215953E600ABB8A8 /* LaunchScreen.storyboard in Resources */,
				9242BDDA215953E600ABB8A8 /* Assets.xcassets in Resources */,
				9242BE072159583300ABB8A8 /* logo.png in Resources */,
				9242BE062159583300ABB8A8 /* botaogerar.png in Resources */,
				9242BDD8215953E300ABB8A8 /* Main.storyboard in Resources */,
				9242BE052159583300ABB8A8 /* botaogerar-pressionado.png in Resources */,
			);
			runOnlyForDeploymentPostprocessing = 0;
		};
/* End PBXResourcesBuildPhase section */

/* Begin PBXSourcesBuildPhase section */
		9242BDCB215953E300ABB8A8 /* Sources */ = {
			isa = PBXSourcesBuildPhase;
			buildActionMask = 2147483647;
			files = (
				9242BDD5215953E300ABB8A8 /* ViewController.swift in Sources */,
				9242BDD3215953E300ABB8A8 /* AppDelegate.swift in Sources */,
			);
			runOnlyForDeploymentPostprocessing = 0;
		};
/* End PBXSourcesBuildPhase section */

/* Begin PBXVariantGroup section */
		9242BDD6215953E300ABB8A8 /* Main.storyboard */ = {
			isa = PBXVariantGroup;
			children = (
				9242BDD7215953E300ABB8A8 /* Base */,
			);
			name = Main.storyboard;
			sourceTree = "<group>";
		};
		9242BDDB215953E600ABB8A8 /* LaunchScreen.storyboard */ = {
			isa = PBXVariantGroup;
			children = (
				9242BDDC215953E600ABB8A8 /* Base */,
			);
			name = LaunchScreen.storyboard;
			sourceTree = "<group>";
		};
/* End PBXVariantGroup section */

/* Begin XCBuildConfiguration section */
		9242BDDF215953E600ABB8A8 /* Debug */ = {
			isa = XCBuildConfiguration;
			buildSettings = {
				ALWAYS_SEARCH_USER_PATHS = NO;
				CLANG_ANALYZER_NONNULL = YES;
				CLANG_ANALYZER_NUMBER_OBJECT_CONVERSION = YES_AGGRESSIVE;
				CLANG_CXX_LANGUAGE_STANDARD = "gnu++14";
				CLANG_CXX_LIBRARY = "libc++";
				CLANG_ENABLE_MODULES = YES;
				CLANG_ENABLE_OBJC_ARC = YES;
				CLANG_ENABLE_OBJC_WEAK = YES;
				CLANG_WARN_BLOCK_CAPTURE_AUTORELEASING = YES;
				CLANG_WARN_BOOL_CONVERSION = YES;
				CLANG_WARN_COMMA = YES;
				CLANG_WARN_CONSTANT_CONVERSION = YES;
				CLANG_WARN_DEPRECATED_OBJC_IMPLEMENTATIONS = YES;
				CLANG_WARN_DIRECT_OBJC_ISA_USAGE = YES_ERROR;
				CLANG_WARN_DOCUMENTATION_COMMENTS = YES;
				CLANG_WARN_EMPTY_BODY = YES;
				CLANG_WARN_ENUM_CONVERSION = YES;
				CLANG_WARN_INFINITE_RECURSION = YES;
				CLANG_WARN_INT_CONVERSION = YES;
				CLANG_WARN_NON_LITERAL_NULL_CONVERSION = YES;
				CLANG_WARN_OBJC_IMPLICIT_RETAIN_SELF = YES;
				CLANG_WARN_OBJC_LITERAL_CONVERSION = YES;
				CLANG_WARN_OBJC_ROOT_CLASS = YES_ERROR;
				CLANG_WARN_RANGE_LOOP_ANALYSIS = YES;
				CLANG_WARN_STRICT_PROTOTYPES = YES;
				CLANG_WARN_SUSPICIOUS_MOVE = YES;
				CLANG_WARN_UNGUARDED_AVAILABILITY = YES_AGGRESSIVE;
				CLANG_WARN_UNREACHABLE_CODE = YES;
				CLANG_WARN__DUPLICATE_METHOD_MATCH = YES;
				CODE_SIGN_IDENTITY = "iPhone Developer";
				COPY_PHASE_STRIP = NO;
				DEBUG_INFORMATION_FORMAT = dwarf;
				ENABLE_STRICT_OBJC_MSGSEND = YES;
				ENABLE_TESTABILITY = YES;
				GCC_C_LANGUAGE_STANDARD = gnu11;
				GCC_DYNAMIC_NO_PIC = NO;
				GCC_NO_COMMON_BLOCKS = YES;
				GCC_OPTIMIZATION_LEVEL = 0;
				GCC_PREPROCESSOR_DEFINITIONS = (
					"DEBUG=1",
					"$(inherited)",
				);
				GCC_WARN_64_TO_32_BIT_CONVERSION = YES;
				GCC_WARN_ABOUT_RETURN_TYPE = YES_ERROR;
				GCC_WARN_UNDECLARED_SELECTOR = YES;
				GCC_WARN_UNINITIALIZED_AUTOS = YES_AGGRESSIVE;
				GCC_WARN_UNUSED_FUNCTION = YES;
				GCC_WARN_UNUSED_VARIABLE = YES;
				IPHONEOS_DEPLOYMENT_TARGET = 12.0;
				MTL_ENABLE_DEBUG_INFO = INCLUDE_SOURCE;
				MTL_FAST_MATH = YES;
				ONLY_ACTIVE_ARCH = YES;
				SDKROOT = iphoneos;
				SWIFT_ACTIVE_COMPILATION_CONDITIONS = DEBUG;
				SWIFT_OPTIMIZATION_LEVEL = "-Onone";
			};
			name = Debug;
		};
		9242BDE0215953E600ABB8A8 /* Release */ = {
			isa = XCBuildConfiguration;
			buildSettings = {
				ALWAYS_SEARCH_USER_PATHS = NO;
				CLANG_ANALYZER_NONNULL = YES;
				CLANG_ANALYZER_NUMBER_OBJECT_CONVERSION = YES_AGGRESSIVE;
				CLANG_CXX_LANGUAGE_STANDARD = "gnu++14";
				CLANG_CXX_LIBRARY = "libc++";
				CLANG_ENABLE_MODULES = YES;
				CLANG_ENABLE_OBJC_ARC = YES;
				CLANG_ENABLE_OBJC_WEAK = YES;
				CLANG_WARN_BLOCK_CAPTURE_AUTORELEASING = YES;
				CLANG_WARN_BOOL_CONVERSION = YES;
				CLANG_WARN_COMMA = YES;
				CLANG_WARN_CONSTANT_CONVERSION = YES;
				CLANG_WARN_DEPRECATED_OBJC_IMPLEMENTATIONS = YES;
				CLANG_WARN_DIRECT_OBJC_ISA_USAGE = YES_ERROR;
				CLANG_WARN_DOCUMENTATION_COMMENTS = YES;
				CLANG_WARN_EMPTY_BODY = YES;
				CLANG_WARN_ENUM_CONVERSION = YES;
				CLANG_WARN_INFINITE_RECURSION = YES;
				CLANG_WARN_INT_CONVERSION = YES;
				CLANG_WARN_NON_LITERAL_NULL_CONVERSION = YES;
				CLANG_WARN_OBJC_IMPLICIT_RETAIN_SELF = YES;
				CLANG_WARN_OBJC_LITERAL_CONVERSION = YES;
				CLANG_WARN_OBJC_ROOT_CLASS = YES_ERROR;
				CLANG_WARN_RANGE_LOOP_ANALYSIS = YES;
				CLANG_WARN_STRICT_PROTOTYPES = YES;
				CLANG_WARN_SUSPICIOUS_MOVE = YES;
				CLANG_WARN_UNGUARDED_AVAILABILITY = YES_AGGRESSIVE;
				CLANG_WARN_UNREACHABLE_CODE = YES;
				CLANG_WARN__DUPLICATE_METHOD_MATCH = YES;
				CODE_SIGN_IDENTITY = "iPhone Developer";
				COPY_PHASE_STRIP = NO;
				DEBUG_INFORMATION_FORMAT = "dwarf-with-dsym";
				ENABLE_NS_ASSERTIONS = NO;
				ENABLE_STRICT_OBJC_MSGSEND = YES;
				GCC_C_LANGUAGE_STANDARD = gnu11;
				GCC_NO_COMMON_BLOCKS = YES;
				GCC_WARN_64_TO_32_BIT_CONVERSION = YES;
				GCC_WARN_ABOUT_RETURN_TYPE = YES_ERROR;
				GCC_WARN_UNDECLARED_SELECTOR = YES;
				GCC_WARN_UNINITIALIZED_AUTOS = YES_AGGRESSIVE;
				GCC_WARN_UNUSED_FUNCTION = YES;
				GCC_WARN_UNUSED_VARIABLE = YES;
				IPHONEOS_DEPLOYMENT_TARGET = 12.0;
				MTL_ENABLE_DEBUG_INFO = NO;
				MTL_FAST_MATH = YES;
				SDKROOT = iphoneos;
				SWIFT_COMPILATION_MODE = wholemodule;
				SWIFT_OPTIMIZATION_LEVEL = "-O";
				VALIDATE_PRODUCT = YES;
			};
			name = Release;
		};
		9242BDE2215953E600ABB8A8 /* Debug */ = {
			isa = XCBuildConfiguration;
			buildSettings = {
				ASSETCATALOG_COMPILER_APPICON_NAME = AppIcon;
				CODE_SIGN_STYLE = Automatic;
				DEVELOPMENT_TEAM = HJ6RR33WF2;
				INFOPLIST_FILE = AppSorteio/Info.plist;
				LD_RUNPATH_SEARCH_PATHS = (
					"$(inherited)",
					"@executable_path/Frameworks",
				);
				PRODUCT_BUNDLE_IDENTIFIER = com.fchiarello.AppSorteio;
				PRODUCT_NAME = "$(TARGET_NAME)";
				SWIFT_VERSION = 4.2;
				TARGETED_DEVICE_FAMILY = "1,2";
			};
			name = Debug;
		};
		9242BDE3215953E600ABB8A8 /* Release */ = {
			isa = XCBuildConfiguration;
			buildSettings = {
				ASSETCATALOG_COMPILER_APPICON_NAME = AppIcon;
				CODE_SIGN_STYLE = Automatic;
				DEVELOPMENT_TEAM = HJ6RR33WF2;
				INFOPLIST_FILE = AppSorteio/Info.plist;
				LD_RUNPATH_SEARCH_PATHS = (
					"$(inherited)",
					"@executable_path/Frameworks",
				);
				PRODUCT_BUNDLE_IDENTIFIER = com.fchiarello.AppSorteio;
				PRODUCT_NAME = "$(TARGET_NAME)";
				SWIFT_VERSION = 4.2;
				TARGETED_DEVICE_FAMILY = "1,2";
			};
			name = Release;
		};
/* End XCBuildConfiguration section */

/* Begin XCConfigurationList section */
		9242BDCA215953E300ABB8A8 /* Build configuration list for PBXProject "AppSorteio" */ = {
			isa = XCConfigurationList;
			buildConfigurations = (
				9242BDDF215953E600ABB8A8 /* Debug */,
				9242BDE0215953E600ABB8A8 /* Release */,
			);
			defaultConfigurationIsVisible = 0;
			defaultConfigurationName = Release;
		};
		9242BDE1215953E600ABB8A8 /* Build configuration list for PBXNativeTarget "AppSorteio" */ = {
			isa = XCConfigurationList;
			buildConfigurations = (
				9242BDE2215953E600ABB8A8 /* Debug */,
				9242BDE3215953E600ABB8A8 /* Release */,
			);
			defaultConfigurationIsVisible = 0;
			defaultConfigurationName = Release;
		};
/* End XCConfigurationList section */
	};
	rootObject = 9242BDC7215953E300ABB8A8 /* Project object */;
}
